
Microsoft Visual Studio Solution File, Format Version 12.00
# Visual Studio Version 17
VisualStudioVersion = 17.0.31912.275
MinimumVisualStudioVersion = 10.0.40219.1
Project("{FAE04EC0-301F-11D3-BF4B-00C04F79EFBC}") = "CourseLibrary.API", "CourseLibrary.API\CourseLibrary.API.csproj", "{4BE8927F-F569-4AD8-9F8C-DC88FF835151}"
EndProject
Global
	GlobalSection(SolutionConfigurationPlatforms) = preSolution
		Debug|Any CPU = Debug|Any CPU
		Release|Any CPU = Release|Any CPU
	EndGlobalSection
	GlobalSection(ProjectConfigurationPlatforms) = postSolution
		{4BE8927F-F569-4AD8-9F8C-DC88FF835151}.Debug|Any CPU.ActiveCfg = Debug|Any CPU
		{4BE8927F-F569-4AD8-9F8C-DC88FF835151}.Debug|Any CPU.Build.0 = Debug|Any CPU
		{4BE8927F-F569-4AD8-9F8C-DC88FF835151}.Release|Any CPU.ActiveCfg = Release|Any CPU
		{4BE8927F-F569-4AD8-9F8C-DC88FF835151}.Release|Any CPU.Build.0 = Release|Any CPU
	EndGlobalSection
	GlobalSection(SolutionProperties) = preSolution
		HideSolutionNode = FALSE
	EndGlobalSection
	GlobalSection(ExtensibilityGlobals) = postSolution
		SolutionGuid = {25530A80-77FF-42BA-AFE0-5EDF289AEBF0}
	EndGlobalSection
EndGlobal
